
Microsoft Visual Studio Solution File, Format Version 12.00
# Visual Studio 2012
Project("{FAE04EC0-301F-11D3-BF4B-00C04F79EFBC}") = "PatternsOOP", "PatternsOOP\PatternsOOP.csproj", "{004C2AF5-0635-4C25-A5D1-D250012ACFFD}"
EndProject
Project("{F088123C-0E9E-452A-89E6-6BA2F21D5CAC}") = "1_AbstractFactory", "AbstractFactory\1_AbstractFactory.modelproj", "{9DAA416E-0217-423C-A99A-F5241EBA669F}"
EndProject
Project("{2150E333-8FDC-42A3-9474-1A3956D46DE8}") = "1_Порождающие", "1_Порождающие", "{68CC08A9-E83C-4E53-B4E2-015869F236A5}"
EndProject
Project("{F088123C-0E9E-452A-89E6-6BA2F21D5CAC}") = "2_FactoryMethod", "FactoryMethod\2_FactoryMethod.modelproj", "{5DD8EB43-B9B7-444B-A1C0-7A3CEAAA4430}"
EndProject
Project("{F088123C-0E9E-452A-89E6-6BA2F21D5CAC}") = "3_Builder", "Builder\3_Builder.modelproj", "{E67AFFA6-D7CB-4CA3-8990-85DB37027FDE}"
EndProject
Project("{F088123C-0E9E-452A-89E6-6BA2F21D5CAC}") = "4_Prototype", "Prototype\4_Prototype.modelproj", "{2D7E729F-006E-49F9-AA78-FCF8FD319D9C}"
EndProject
Project("{F088123C-0E9E-452A-89E6-6BA2F21D5CAC}") = "5_Singleton", "Singleton\5_Singleton.modelproj", "{C136263E-8BED-40B3-B83A-1B1946A965D4}"
EndProject
Project("{2150E333-8FDC-42A3-9474-1A3956D46DE8}") = "2_Структурные", "2_Структурные", "{CC5A3591-F46E-4FF0-BE45-EAEEA697F19B}"
EndProject
Project("{2150E333-8FDC-42A3-9474-1A3956D46DE8}") = "3_Поведенческие", "3_Поведенческие", "{315FB4BB-E1E4-4140-B22B-87E25F6D56EA}"
EndProject
Project("{F088123C-0E9E-452A-89E6-6BA2F21D5CAC}") = "1_Adapter", "Adapter\1_Adapter.modelproj", "{85393296-7B05-4F63-8C23-519A14509634}"
EndProject
Project("{F088123C-0E9E-452A-89E6-6BA2F21D5CAC}") = "2_Bridge", "Bridg\2_Bridge.modelproj", "{33673E41-9157-4E63-A8E5-08080CB04A9E}"
EndProject
Project("{F088123C-0E9E-452A-89E6-6BA2F21D5CAC}") = "3_Composite", "Composite\3_Composite.modelproj", "{D448AB84-FD7A-4344-9296-5E1C99E7D176}"
EndProject
Project("{F088123C-0E9E-452A-89E6-6BA2F21D5CAC}") = "5_Facade", "Fasad\5_Facade.modelproj", "{188AB474-B376-4FDA-B4F0-F8256AE955A6}"
EndProject
Project("{F088123C-0E9E-452A-89E6-6BA2F21D5CAC}") = "6_Flyweight", "Flyweight\6_Flyweight.modelproj", "{682B511A-7801-49A9-874D-AE54A75853A1}"
EndProject
Project("{F088123C-0E9E-452A-89E6-6BA2F21D5CAC}") = "4_Decorator", "Decorator\4_Decorator.modelproj", "{467C8C80-020A-4CFD-954F-A1870E84003A}"
EndProject
Project("{F088123C-0E9E-452A-89E6-6BA2F21D5CAC}") = "7_Proxy", "7_Proxy\7_Proxy.modelproj", "{D18F56B3-579C-40E3-BA48-F5369EF2E76A}"
EndProject
Project("{F088123C-0E9E-452A-89E6-6BA2F21D5CAC}") = "1_ChainOfResponsible", "ChainOfResponsible\1_ChainOfResponsible.modelproj", "{0F5D4665-0D25-4A46-881D-CD57843FB97F}"
EndProject
Project("{F088123C-0E9E-452A-89E6-6BA2F21D5CAC}") = "2_Comand", "Comand\2_Comand.modelproj", "{C85E4918-34C0-421E-8A1C-79BBBA36B194}"
EndProject
Project("{F088123C-0E9E-452A-89E6-6BA2F21D5CAC}") = "3_Interpretator", "3_Interpretator\3_Interpretator.modelproj", "{BB10C8F5-A019-4EB6-B189-A56A65E8E516}"
EndProject
Project("{F088123C-0E9E-452A-89E6-6BA2F21D5CAC}") = "4_Iterator", "4_Iterator\4_Iterator.modelproj", "{791155FD-569B-4FD3-B3A0-B7024A3780FC}"
EndProject
Project("{F088123C-0E9E-452A-89E6-6BA2F21D5CAC}") = "5_Mediator", "5_Mediator\5_Mediator.modelproj", "{59DAC38D-F614-45FB-BE45-5B94B4DCDBEC}"
EndProject
Project("{F088123C-0E9E-452A-89E6-6BA2F21D5CAC}") = "6_Memento", "6_Memento\6_Memento.modelproj", "{C4AD1B80-30A3-419A-9842-AEF4BEE3C1C2}"
EndProject
Global
	GlobalSection(SolutionConfigurationPlatforms) = preSolution
		Debug|Any CPU = Debug|Any CPU
		Release|Any CPU = Release|Any CPU
	EndGlobalSection
	GlobalSection(ProjectConfigurationPlatforms) = postSolution
		{004C2AF5-0635-4C25-A5D1-D250012ACFFD}.Debug|Any CPU.ActiveCfg = Debug|Any CPU
		{004C2AF5-0635-4C25-A5D1-D250012ACFFD}.Debug|Any CPU.Build.0 = Debug|Any CPU
		{004C2AF5-0635-4C25-A5D1-D250012ACFFD}.Release|Any CPU.ActiveCfg = Release|Any CPU
		{004C2AF5-0635-4C25-A5D1-D250012ACFFD}.Release|Any CPU.Build.0 = Release|Any CPU
		{9DAA416E-0217-423C-A99A-F5241EBA669F}.Debug|Any CPU.ActiveCfg = Debug|Any CPU
		{9DAA416E-0217-423C-A99A-F5241EBA669F}.Debug|Any CPU.Build.0 = Debug|Any CPU
		{9DAA416E-0217-423C-A99A-F5241EBA669F}.Release|Any CPU.ActiveCfg = Release|Any CPU
		{9DAA416E-0217-423C-A99A-F5241EBA669F}.Release|Any CPU.Build.0 = Release|Any CPU
		{5DD8EB43-B9B7-444B-A1C0-7A3CEAAA4430}.Debug|Any CPU.ActiveCfg = Debug|Any CPU
		{5DD8EB43-B9B7-444B-A1C0-7A3CEAAA4430}.Debug|Any CPU.Build.0 = Debug|Any CPU
		{5DD8EB43-B9B7-444B-A1C0-7A3CEAAA4430}.Release|Any CPU.ActiveCfg = Release|Any CPU
		{5DD8EB43-B9B7-444B-A1C0-7A3CEAAA4430}.Release|Any CPU.Build.0 = Release|Any CPU
		{E67AFFA6-D7CB-4CA3-8990-85DB37027FDE}.Debug|Any CPU.ActiveCfg = Debug|Any CPU
		{E67AFFA6-D7CB-4CA3-8990-85DB37027FDE}.Debug|Any CPU.Build.0 = Debug|Any CPU
		{E67AFFA6-D7CB-4CA3-8990-85DB37027FDE}.Release|Any CPU.ActiveCfg = Release|Any CPU
		{E67AFFA6-D7CB-4CA3-8990-85DB37027FDE}.Release|Any CPU.Build.0 = Release|Any CPU
		{2D7E729F-006E-49F9-AA78-FCF8FD319D9C}.Debug|Any CPU.ActiveCfg = Debug|Any CPU
		{2D7E729F-006E-49F9-AA78-FCF8FD319D9C}.Debug|Any CPU.Build.0 = Debug|Any CPU
		{2D7E729F-006E-49F9-AA78-FCF8FD319D9C}.Release|Any CPU.ActiveCfg = Release|Any CPU
		{2D7E729F-006E-49F9-AA78-FCF8FD319D9C}.Release|Any CPU.Build.0 = Release|Any CPU
		{C136263E-8BED-40B3-B83A-1B1946A965D4}.Debug|Any CPU.ActiveCfg = Debug|Any CPU
		{C136263E-8BED-40B3-B83A-1B1946A965D4}.Debug|Any CPU.Build.0 = Debug|Any CPU
		{C136263E-8BED-40B3-B83A-1B1946A965D4}.Release|Any CPU.ActiveCfg = Release|Any CPU
		{C136263E-8BED-40B3-B83A-1B1946A965D4}.Release|Any CPU.Build.0 = Release|Any CPU
		{85393296-7B05-4F63-8C23-519A14509634}.Debug|Any CPU.ActiveCfg = Debug|Any CPU
		{85393296-7B05-4F63-8C23-519A14509634}.Debug|Any CPU.Build.0 = Debug|Any CPU
		{85393296-7B05-4F63-8C23-519A14509634}.Release|Any CPU.ActiveCfg = Release|Any CPU
		{85393296-7B05-4F63-8C23-519A14509634}.Release|Any CPU.Build.0 = Release|Any CPU
		{33673E41-9157-4E63-A8E5-08080CB04A9E}.Debug|Any CPU.ActiveCfg = Debug|Any CPU
		{33673E41-9157-4E63-A8E5-08080CB04A9E}.Debug|Any CPU.Build.0 = Debug|Any CPU
		{33673E41-9157-4E63-A8E5-08080CB04A9E}.Release|Any CPU.ActiveCfg = Release|Any CPU
		{33673E41-9157-4E63-A8E5-08080CB04A9E}.Release|Any CPU.Build.0 = Release|Any CPU
		{D448AB84-FD7A-4344-9296-5E1C99E7D176}.Debug|Any CPU.ActiveCfg = Debug|Any CPU
		{D448AB84-FD7A-4344-9296-5E1C99E7D176}.Debug|Any CPU.Build.0 = Debug|Any CPU
		{D448AB84-FD7A-4344-9296-5E1C99E7D176}.Release|Any CPU.ActiveCfg = Release|Any CPU
		{D448AB84-FD7A-4344-9296-5E1C99E7D176}.Release|Any CPU.Build.0 = Release|Any CPU
		{188AB474-B376-4FDA-B4F0-F8256AE955A6}.Debug|Any CPU.ActiveCfg = Debug|Any CPU
		{188AB474-B376-4FDA-B4F0-F8256AE955A6}.Debug|Any CPU.Build.0 = Debug|Any CPU
		{188AB474-B376-4FDA-B4F0-F8256AE955A6}.Release|Any CPU.ActiveCfg = Release|Any CPU
		{188AB474-B376-4FDA-B4F0-F8256AE955A6}.Release|Any CPU.Build.0 = Release|Any CPU
		{682B511A-7801-49A9-874D-AE54A75853A1}.Debug|Any CPU.ActiveCfg = Debug|Any CPU
		{682B511A-7801-49A9-874D-AE54A75853A1}.Debug|Any CPU.Build.0 = Debug|Any CPU
		{682B511A-7801-49A9-874D-AE54A75853A1}.Release|Any CPU.ActiveCfg = Release|Any CPU
		{682B511A-7801-49A9-874D-AE54A75853A1}.Release|Any CPU.Build.0 = Release|Any CPU
		{467C8C80-020A-4CFD-954F-A1870E84003A}.Debug|Any CPU.ActiveCfg = Debug|Any CPU
		{467C8C80-020A-4CFD-954F-A1870E84003A}.Debug|Any CPU.Build.0 = Debug|Any CPU
		{467C8C80-020A-4CFD-954F-A1870E84003A}.Release|Any CPU.ActiveCfg = Release|Any CPU
		{467C8C80-020A-4CFD-954F-A1870E84003A}.Release|Any CPU.Build.0 = Release|Any CPU
		{D18F56B3-579C-40E3-BA48-F5369EF2E76A}.Debug|Any CPU.ActiveCfg = Debug|Any CPU
		{D18F56B3-579C-40E3-BA48-F5369EF2E76A}.Debug|Any CPU.Build.0 = Debug|Any CPU
		{D18F56B3-579C-40E3-BA48-F5369EF2E76A}.Release|Any CPU.ActiveCfg = Release|Any CPU
		{D18F56B3-579C-40E3-BA48-F5369EF2E76A}.Release|Any CPU.Build.0 = Release|Any CPU
		{0F5D4665-0D25-4A46-881D-CD57843FB97F}.Debug|Any CPU.ActiveCfg = Debug|Any CPU
		{0F5D4665-0D25-4A46-881D-CD57843FB97F}.Debug|Any CPU.Build.0 = Debug|Any CPU
		{0F5D4665-0D25-4A46-881D-CD57843FB97F}.Release|Any CPU.ActiveCfg = Release|Any CPU
		{0F5D4665-0D25-4A46-881D-CD57843FB97F}.Release|Any CPU.Build.0 = Release|Any CPU
		{C85E4918-34C0-421E-8A1C-79BBBA36B194}.Debug|Any CPU.ActiveCfg = Debug|Any CPU
		{C85E4918-34C0-421E-8A1C-79BBBA36B194}.Debug|Any CPU.Build.0 = Debug|Any CPU
		{C85E4918-34C0-421E-8A1C-79BBBA36B194}.Release|Any CPU.ActiveCfg = Release|Any CPU
		{C85E4918-34C0-421E-8A1C-79BBBA36B194}.Release|Any CPU.Build.0 = Release|Any CPU
		{BB10C8F5-A019-4EB6-B189-A56A65E8E516}.Debug|Any CPU.ActiveCfg = Debug|Any CPU
		{BB10C8F5-A019-4EB6-B189-A56A65E8E516}.Debug|Any CPU.Build.0 = Debug|Any CPU
		{BB10C8F5-A019-4EB6-B189-A56A65E8E516}.Release|Any CPU.ActiveCfg = Release|Any CPU
		{BB10C8F5-A019-4EB6-B189-A56A65E8E516}.Release|Any CPU.Build.0 = Release|Any CPU
		{791155FD-569B-4FD3-B3A0-B7024A3780FC}.Debug|Any CPU.ActiveCfg = Debug|Any CPU
		{791155FD-569B-4FD3-B3A0-B7024A3780FC}.Debug|Any CPU.Build.0 = Debug|Any CPU
		{791155FD-569B-4FD3-B3A0-B7024A3780FC}.Release|Any CPU.ActiveCfg = Release|Any CPU
		{791155FD-569B-4FD3-B3A0-B7024A3780FC}.Release|Any CPU.Build.0 = Release|Any CPU
		{59DAC38D-F614-45FB-BE45-5B94B4DCDBEC}.Debug|Any CPU.ActiveCfg = Debug|Any CPU
		{59DAC38D-F614-45FB-BE45-5B94B4DCDBEC}.Debug|Any CPU.Build.0 = Debug|Any CPU
		{59DAC38D-F614-45FB-BE45-5B94B4DCDBEC}.Release|Any CPU.ActiveCfg = Release|Any CPU
		{59DAC38D-F614-45FB-BE45-5B94B4DCDBEC}.Release|Any CPU.Build.0 = Release|Any CPU
		{C4AD1B80-30A3-419A-9842-AEF4BEE3C1C2}.Debug|Any CPU.ActiveCfg = Debug|Any CPU
		{C4AD1B80-30A3-419A-9842-AEF4BEE3C1C2}.Debug|Any CPU.Build.0 = Debug|Any CPU
		{C4AD1B80-30A3-419A-9842-AEF4BEE3C1C2}.Release|Any CPU.ActiveCfg = Release|Any CPU
		{C4AD1B80-30A3-419A-9842-AEF4BEE3C1C2}.Release|Any CPU.Build.0 = Release|Any CPU
	EndGlobalSection
	GlobalSection(SolutionProperties) = preSolution
		HideSolutionNode = FALSE
	EndGlobalSection
	GlobalSection(NestedProjects) = preSolution
		{9DAA416E-0217-423C-A99A-F5241EBA669F} = {68CC08A9-E83C-4E53-B4E2-015869F236A5}
		{5DD8EB43-B9B7-444B-A1C0-7A3CEAAA4430} = {68CC08A9-E83C-4E53-B4E2-015869F236A5}
		{E67AFFA6-D7CB-4CA3-8990-85DB37027FDE} = {68CC08A9-E83C-4E53-B4E2-015869F236A5}
		{2D7E729F-006E-49F9-AA78-FCF8FD319D9C} = {68CC08A9-E83C-4E53-B4E2-015869F236A5}
		{C136263E-8BED-40B3-B83A-1B1946A965D4} = {68CC08A9-E83C-4E53-B4E2-015869F236A5}
		{85393296-7B05-4F63-8C23-519A14509634} = {CC5A3591-F46E-4FF0-BE45-EAEEA697F19B}
		{33673E41-9157-4E63-A8E5-08080CB04A9E} = {CC5A3591-F46E-4FF0-BE45-EAEEA697F19B}
		{D448AB84-FD7A-4344-9296-5E1C99E7D176} = {CC5A3591-F46E-4FF0-BE45-EAEEA697F19B}
		{188AB474-B376-4FDA-B4F0-F8256AE955A6} = {CC5A3591-F46E-4FF0-BE45-EAEEA697F19B}
		{682B511A-7801-49A9-874D-AE54A75853A1} = {CC5A3591-F46E-4FF0-BE45-EAEEA697F19B}
		{467C8C80-020A-4CFD-954F-A1870E84003A} = {CC5A3591-F46E-4FF0-BE45-EAEEA697F19B}
		{D18F56B3-579C-40E3-BA48-F5369EF2E76A} = {CC5A3591-F46E-4FF0-BE45-EAEEA697F19B}
		{0F5D4665-0D25-4A46-881D-CD57843FB97F} = {315FB4BB-E1E4-4140-B22B-87E25F6D56EA}
		{C85E4918-34C0-421E-8A1C-79BBBA36B194} = {315FB4BB-E1E4-4140-B22B-87E25F6D56EA}
		{BB10C8F5-A019-4EB6-B189-A56A65E8E516} = {315FB4BB-E1E4-4140-B22B-87E25F6D56EA}
		{791155FD-569B-4FD3-B3A0-B7024A3780FC} = {315FB4BB-E1E4-4140-B22B-87E25F6D56EA}
		{59DAC38D-F614-45FB-BE45-5B94B4DCDBEC} = {315FB4BB-E1E4-4140-B22B-87E25F6D56EA}
		{C4AD1B80-30A3-419A-9842-AEF4BEE3C1C2} = {315FB4BB-E1E4-4140-B22B-87E25F6D56EA}
	EndGlobalSection
EndGlobal
