
Microsoft Visual Studio Solution File, Format Version 12.00
# Visual Studio 15
VisualStudioVersion = 15.0.27428.2043
MinimumVisualStudioVersion = 10.0.40219.1
Project("{FAE04EC0-301F-11D3-BF4B-00C04F79EFBC}") = "PatternsOOP", "PatternsOOP\PatternsOOP.csproj", "{004C2AF5-0635-4C25-A5D1-D250012ACFFD}"
EndProject
Global
	GlobalSection(SolutionConfigurationPlatforms) = preSolution
		Debug|Any CPU = Debug|Any CPU
		Release|Any CPU = Release|Any CPU
	EndGlobalSection
	GlobalSection(ProjectConfigurationPlatforms) = postSolution
		{004C2AF5-0635-4C25-A5D1-D250012ACFFD}.Debug|Any CPU.ActiveCfg = Debug|Any CPU
		{004C2AF5-0635-4C25-A5D1-D250012ACFFD}.Debug|Any CPU.Build.0 = Debug|Any CPU
		{004C2AF5-0635-4C25-A5D1-D250012ACFFD}.Release|Any CPU.ActiveCfg = Release|Any CPU
		{004C2AF5-0635-4C25-A5D1-D250012ACFFD}.Release|Any CPU.Build.0 = Release|Any CPU
	EndGlobalSection
	GlobalSection(SolutionProperties) = preSolution
		HideSolutionNode = FALSE
	EndGlobalSection
	GlobalSection(ExtensibilityGlobals) = postSolution
		SolutionGuid = {65D5B4AD-79C9-4B8B-9932-EDB9B161759D}
	EndGlobalSection
EndGlobal
