
Microsoft Visual Studio Solution File, Format Version 12.00
# Visual Studio 15
VisualStudioVersion = 15.0.28010.2041
MinimumVisualStudioVersion = 10.0.40219.1
Project("{FAE04EC0-301F-11D3-BF4B-00C04F79EFBC}") = "ExampleBackgroundWorker", "ExampleBackgroundWorker\ExampleBackgroundWorker.csproj", "{BF07EC1C-5AEC-4430-B680-8A58D2BB4756}"
EndProject
Global
	GlobalSection(SolutionConfigurationPlatforms) = preSolution
		Debug|Any CPU = Debug|Any CPU
		Release|Any CPU = Release|Any CPU
	EndGlobalSection
	GlobalSection(ProjectConfigurationPlatforms) = postSolution
		{BF07EC1C-5AEC-4430-B680-8A58D2BB4756}.Debug|Any CPU.ActiveCfg = Debug|Any CPU
		{BF07EC1C-5AEC-4430-B680-8A58D2BB4756}.Debug|Any CPU.Build.0 = Debug|Any CPU
		{BF07EC1C-5AEC-4430-B680-8A58D2BB4756}.Release|Any CPU.ActiveCfg = Release|Any CPU
		{BF07EC1C-5AEC-4430-B680-8A58D2BB4756}.Release|Any CPU.Build.0 = Release|Any CPU
	EndGlobalSection
	GlobalSection(SolutionProperties) = preSolution
		HideSolutionNode = FALSE
	EndGlobalSection
	GlobalSection(ExtensibilityGlobals) = postSolution
		SolutionGuid = {283332DA-ED59-4033-9EC2-34E244A49149}
	EndGlobalSection
EndGlobal
